
Microsoft Visual Studio Solution File, Format Version 12.00
# Visual Studio Version 16
VisualStudioVersion = 16.0.29728.190
MinimumVisualStudioVersion = 10.0.40219.1
Project("{9A19103F-16F7-4668-BE54-9A1E7A4F7556}") = "ElasticsearchPoc", "ElasticsearchPoc\ElasticsearchPoc.csproj", "{673B0988-4F24-49AE-9BB0-B38CEE412AD1}"
EndProject
Global
	GlobalSection(SolutionConfigurationPlatforms) = preSolution
		Debug|Any CPU = Debug|Any CPU
		Release|Any CPU = Release|Any CPU
	EndGlobalSection
	GlobalSection(ProjectConfigurationPlatforms) = postSolution
		{673B0988-4F24-49AE-9BB0-B38CEE412AD1}.Debug|Any CPU.ActiveCfg = Debug|Any CPU
		{673B0988-4F24-49AE-9BB0-B38CEE412AD1}.Debug|Any CPU.Build.0 = Debug|Any CPU
		{673B0988-4F24-49AE-9BB0-B38CEE412AD1}.Release|Any CPU.ActiveCfg = Release|Any CPU
		{673B0988-4F24-49AE-9BB0-B38CEE412AD1}.Release|Any CPU.Build.0 = Release|Any CPU
	EndGlobalSection
	GlobalSection(SolutionProperties) = preSolution
		HideSolutionNode = FALSE
	EndGlobalSection
	GlobalSection(ExtensibilityGlobals) = postSolution
		SolutionGuid = {733B8EE7-204E-45CF-B52C-7BAF4510D762}
	EndGlobalSection
EndGlobal
